{
  "R": {
    "Version": "4.2.2",
    "Repositories": [
      {
        "Name": "CRAN",
        "URL": "https://packagemanager.posit.co/cran/latest"
      }
    ]
  },
  "Packages": {
    "DiceDesign": {
      "Package": "DiceDesign",
      "Version": "1.9",
      "Source": "Repository",
      "Repository": "CRAN",
      "Requirements": [
        "R"
      ],
      "Hash": "b7b812ae4484d4bbf0a0baac72e8fc01"
    },
    "GPfit": {
      "Package": "GPfit",
      "Version": "1.0-8",
      "Source": "Repository",
      "Repository": "CRAN",
      "Requirements": [
        "lattice",
        "lhs"
      ],
      "Hash": "29a7dccade1fd037c8262c2a239775eb"
    },
    "KernSmooth": {
      "Package": "KernSmooth",
      "Version": "2.23-20",
      "Source": "Repository",
      "Repository": "CRAN",
      "Requirements": [
        "R",
        "stats"
      ],
      "Hash": "8dcfa99b14c296bc9f1fd64d52fd3ce7"
    },
    "MASS": {
      "Package": "MASS",
      "Version": "7.3-58.1",
      "Source": "Repository",
      "Repository": "CRAN",
      "Requirements": [
        "R",
        "grDevices",
        "graphics",
        "methods",
        "stats",
        "utils"
      ],
      "Hash": "762e1804143a332333c054759f89a706"
    },
    "Matrix": {
      "Package": "Matrix",
      "Version": "1.6-1.1",
      "Source": "Repository",
      "Repository": "CRAN",
      "Requirements": [
        "R",
        "grDevices",
        "graphics",
        "grid",
        "lattice",
        "methods",
        "stats",
        "utils"
      ],
      "Hash": "1a00d4828f33a9d690806e98bd17150c"
    },
    "ModelMetrics": {
      "Package": "ModelMetrics",
      "Version": "1.2.2.2",
      "Source": "Repository",
      "Repository": "CRAN",
      "Requirements": [
        "R",
        "Rcpp",
        "data.table"
      ],
      "Hash": "40a55bd0b44719941d103291ac5e9d74"
    },
    "R6": {
      "Package": "R6",
      "Version": "2.5.1",
      "Source": "Repository",
      "Repository": "CRAN",
      "Requirements": [
        "R"
      ],
      "Hash": "470851b6d5d0ac559e9d01bb352b4021"
    },
    "RANN": {
      "Package": "RANN",
      "Version": "2.6.1",
      "Source": "Repository",
      "Repository": "CRAN",
      "Hash": "d128ea05a972d3e67c6f39de52c72bd7"
    },
    "RColorBrewer": {
      "Package": "RColorBrewer",
      "Version": "1.1-3",
      "Source": "Repository",
      "Repository": "CRAN",
      "Requirements": [
        "R"
      ],
      "Hash": "45f0398006e83a5b10b72a90663d8d8c"
    },
    "ROSE": {
      "Package": "ROSE",
      "Version": "0.0-4",
      "Source": "Repository",
      "Repository": "CRAN",
      "Hash": "c6e79999925f0db3f2d88b187d014bf8"
    },
    "Rcpp": {
      "Package": "Rcpp",
      "Version": "1.0.9",
      "Source": "Repository",
      "Repository": "CRAN",
      "Requirements": [
        "methods",
        "utils"
      ],
      "Hash": "e9c08b94391e9f3f97355841229124f2"
    },
    "SQUAREM": {
      "Package": "SQUAREM",
      "Version": "2021.1",
      "Source": "Repository",
      "Repository": "CRAN",
      "Requirements": [
        "R"
      ],
      "Hash": "0cf10dab0d023d5b46a5a14387556891"
    },
    "backports": {
      "Package": "backports",
      "Version": "1.4.1",
      "Source": "Repository",
      "Repository": "CRAN",
      "Requirements": [
        "R"
      ],
      "Hash": "c39fbec8a30d23e721980b8afb31984c"
    },
    "base64enc": {
      "Package": "base64enc",
      "Version": "0.1-3",
      "Source": "Repository",
      "Repository": "CRAN",
      "Requirements": [
        "R"
      ],
      "Hash": "543776ae6848fde2f48ff3816d0628bc"
    },
    "bonsai": {
      "Package": "bonsai",
      "Version": "0.2.1",
      "Source": "Repository",
      "Repository": "CRAN",
      "Requirements": [
        "cli",
        "dials",
        "dplyr",
        "glue",
        "parsnip",
        "purrr",
        "rlang",
        "stats",
        "tibble",
        "utils"
      ],
      "Hash": "c086fa23dfeac2d2b95f758dfa917c3d"
    },
    "broom": {
      "Package": "broom",
      "Version": "1.0.5",
      "Source": "Repository",
      "Repository": "CRAN",
      "Requirements": [
        "R",
        "backports",
        "dplyr",
        "ellipsis",
        "generics",
        "glue",
        "lifecycle",
        "purrr",
        "rlang",
        "stringr",
        "tibble",
        "tidyr"
      ],
      "Hash": "fd25391c3c4f6ecf0fa95f1e6d15378c"
    },
    "bslib": {
      "Package": "bslib",
      "Version": "0.4.2",
      "Source": "Repository",
      "Repository": "CRAN",
      "Requirements": [
        "R",
        "base64enc",
        "cachem",
        "grDevices",
        "htmltools",
        "jquerylib",
        "jsonlite",
        "memoise",
        "mime",
        "rlang",
        "sass"
      ],
      "Hash": "a7fbf03946ad741129dc81098722fca1"
    },
    "cachem": {
      "Package": "cachem",
      "Version": "1.0.6",
      "Source": "Repository",
      "Repository": "CRAN",
      "Requirements": [
        "fastmap",
        "rlang"
      ],
      "Hash": "648c5b3d71e6a37e3043617489a0a0e9"
    },
    "caret": {
      "Package": "caret",
      "Version": "6.0-93",
      "Source": "Repository",
      "Repository": "CRAN",
      "Requirements": [
        "ModelMetrics",
        "R",
        "e1071",
        "foreach",
        "ggplot2",
        "grDevices",
        "lattice",
        "methods",
        "nlme",
        "pROC",
        "plyr",
        "recipes",
        "reshape2",
        "stats",
        "stats4",
        "utils",
        "withr"
      ],
      "Hash": "b42032ec38bd2ebcaf70f26120bd4d3a"
    },
    "class": {
      "Package": "class",
      "Version": "7.3-20",
      "Source": "Repository",
      "Repository": "CRAN",
      "Requirements": [
        "MASS",
        "R",
        "stats",
        "utils"
      ],
      "Hash": "da09d82223e669d270e47ed24ac8686e"
    },
    "cli": {
      "Package": "cli",
      "Version": "3.6.1",
      "Source": "Repository",
      "Repository": "CRAN",
      "Requirements": [
        "R",
        "utils"
      ],
      "Hash": "89e6d8219950eac806ae0c489052048a"
    },
    "clock": {
      "Package": "clock",
      "Version": "0.6.1",
      "Source": "Repository",
      "Repository": "CRAN",
      "Requirements": [
        "R",
        "cpp11",
        "rlang",
        "tzdb",
        "vctrs"
      ],
      "Hash": "db6b0e88fa092982ecf56322b47be0fe"
    },
    "codetools": {
      "Package": "codetools",
      "Version": "0.2-18",
      "Source": "Repository",
      "Repository": "CRAN",
      "Requirements": [
        "R"
      ],
      "Hash": "019388fc48e48b3da0d3a76ff94608a8"
    },
    "colorspace": {
      "Package": "colorspace",
      "Version": "2.0-3",
      "Source": "Repository",
      "Repository": "CRAN",
      "Requirements": [
        "R",
        "grDevices",
        "graphics",
        "methods",
        "stats"
      ],
      "Hash": "bb4341986bc8b914f0f0acf2e4a3f2f7"
    },
    "conflicted": {
      "Package": "conflicted",
      "Version": "1.2.0",
      "Source": "Repository",
      "Repository": "CRAN",
      "Requirements": [
        "R",
        "cli",
        "memoise",
        "rlang"
      ],
      "Hash": "bb097fccb22d156624fd07cd2894ddb6"
    },
    "cpp11": {
      "Package": "cpp11",
      "Version": "0.4.3",
      "Source": "Repository",
      "Repository": "CRAN",
      "Hash": "ed588261931ee3be2c700d22e94a29ab"
    },
    "data.table": {
      "Package": "data.table",
      "Version": "1.14.10",
      "Source": "Repository",
      "Repository": "CRAN",
      "Requirements": [
        "R",
        "methods"
      ],
      "Hash": "6ea17a32294d8ca00455825ab0cf71b9"
    },
    "dials": {
      "Package": "dials",
      "Version": "1.2.0",
      "Source": "Repository",
      "Repository": "CRAN",
      "Requirements": [
        "DiceDesign",
        "R",
        "cli",
        "dplyr",
        "glue",
        "hardhat",
        "lifecycle",
        "pillar",
        "purrr",
        "rlang",
        "scales",
        "tibble",
        "utils",
        "vctrs",
        "withr"
      ],
      "Hash": "ce71836ecc0efd70890c6825c8b4ff47"
    },
    "digest": {
      "Package": "digest",
      "Version": "0.6.31",
      "Source": "Repository",
      "Repository": "CRAN",
      "Requirements": [
        "R",
        "utils"
      ],
      "Hash": "8b708f296afd9ae69f450f9640be8990"
    },
    "doParallel": {
      "Package": "doParallel",
      "Version": "1.0.17",
      "Source": "Repository",
      "Repository": "CRAN",
      "Requirements": [
        "R",
        "foreach",
        "iterators",
        "parallel",
        "utils"
      ],
      "Hash": "451e5edf411987991ab6a5410c45011f"
    },
    "dplyr": {
      "Package": "dplyr",
      "Version": "1.1.3",
      "Source": "Repository",
      "Repository": "CRAN",
      "Requirements": [
        "R",
        "R6",
        "cli",
        "generics",
        "glue",
        "lifecycle",
        "magrittr",
        "methods",
        "pillar",
        "rlang",
        "tibble",
        "tidyselect",
        "utils",
        "vctrs"
      ],
      "Hash": "e85ffbebaad5f70e1a2e2ef4302b4949"
    },
    "e1071": {
      "Package": "e1071",
      "Version": "1.7-12",
      "Source": "Repository",
      "Repository": "CRAN",
      "Requirements": [
        "class",
        "grDevices",
        "graphics",
        "methods",
        "proxy",
        "stats",
        "utils"
      ],
      "Hash": "0d776df7577206e100c2c4b508208b10"
    },
    "ellipsis": {
      "Package": "ellipsis",
      "Version": "0.3.2",
      "Source": "Repository",
      "Repository": "CRAN",
      "Requirements": [
        "R",
        "rlang"
      ],
      "Hash": "bb0eec2fe32e88d9e2836c2f73ea2077"
    },
    "evaluate": {
      "Package": "evaluate",
      "Version": "0.19",
      "Source": "Repository",
      "Repository": "CRAN",
      "Requirements": [
        "R",
        "methods"
      ],
      "Hash": "5aac3cd0a3ccb1a738941796b28c26fe"
    },
    "fansi": {
      "Package": "fansi",
      "Version": "1.0.3",
      "Source": "Repository",
      "Repository": "CRAN",
      "Requirements": [
        "R",
        "grDevices",
        "utils"
      ],
      "Hash": "83a8afdbe71839506baa9f90eebad7ec"
    },
    "farver": {
      "Package": "farver",
      "Version": "2.1.1",
      "Source": "Repository",
      "Repository": "CRAN",
      "Hash": "8106d78941f34855c440ddb946b8f7a5"
    },
    "fastmap": {
      "Package": "fastmap",
      "Version": "1.1.0",
      "Source": "Repository",
      "Repository": "CRAN",
      "Hash": "77bd60a6157420d4ffa93b27cf6a58b8"
    },
    "foreach": {
      "Package": "foreach",
      "Version": "1.5.2",
      "Source": "Repository",
      "Repository": "CRAN",
      "Requirements": [
        "R",
        "codetools",
        "iterators",
        "utils"
      ],
      "Hash": "618609b42c9406731ead03adf5379850"
    },
    "fs": {
      "Package": "fs",
      "Version": "1.5.2",
      "Source": "Repository",
      "Repository": "CRAN",
      "Requirements": [
        "R",
        "methods"
      ],
      "Hash": "7c89603d81793f0d5486d91ab1fc6f1d"
    },
    "furrr": {
      "Package": "furrr",
      "Version": "0.3.1",
      "Source": "Repository",
      "Repository": "CRAN",
      "Requirements": [
        "R",
        "future",
        "globals",
        "lifecycle",
        "purrr",
        "rlang",
        "vctrs"
      ],
      "Hash": "da7a4c32196cb2262a41dd5a25d486ff"
    },
    "future": {
      "Package": "future",
      "Version": "1.30.0",
      "Source": "Repository",
      "Repository": "CRAN",
      "Requirements": [
        "digest",
        "globals",
        "listenv",
        "parallel",
        "parallelly",
        "tools",
        "utils"
      ],
      "Hash": "d8a0dcbc9350c1e40edc644611d1ee15"
    },
    "future.apply": {
      "Package": "future.apply",
      "Version": "1.10.0",
      "Source": "Repository",
      "Repository": "CRAN",
      "Requirements": [
        "R",
        "future",
        "globals",
        "parallel",
        "utils"
      ],
      "Hash": "a930c9ddc317f898e6f5bed7be8dd322"
    },
    "generics": {
      "Package": "generics",
      "Version": "0.1.3",
      "Source": "Repository",
      "Repository": "CRAN",
      "Requirements": [
        "R",
        "methods"
      ],
      "Hash": "15e9634c0fcd294799e9b2e929ed1b86"
    },
    "ggplot2": {
      "Package": "ggplot2",
      "Version": "3.4.3",
      "Source": "Repository",
      "Repository": "CRAN",
      "Requirements": [
        "MASS",
        "R",
        "cli",
        "glue",
        "grDevices",
        "grid",
        "gtable",
        "isoband",
        "lifecycle",
        "mgcv",
        "rlang",
        "scales",
        "stats",
        "tibble",
        "vctrs",
        "withr"
      ],
      "Hash": "85846544c596e71f8f46483ab165da33"
    },
    "globals": {
      "Package": "globals",
      "Version": "0.16.2",
      "Source": "Repository",
      "Repository": "CRAN",
      "Requirements": [
        "R",
        "codetools"
      ],
      "Hash": "baa9585ab4ce47a9f4618e671778cc6f"
    },
    "glue": {
      "Package": "glue",
      "Version": "1.6.2",
      "Source": "Repository",
      "Repository": "CRAN",
      "Requirements": [
        "R",
        "methods"
      ],
      "Hash": "4f2596dfb05dac67b9dc558e5c6fba2e"
    },
    "gower": {
      "Package": "gower",
      "Version": "1.0.1",
      "Source": "Repository",
      "Repository": "CRAN",
      "Hash": "7a0051eef852c301b5efe2f7913dd45f"
    },
    "gtable": {
      "Package": "gtable",
      "Version": "0.3.1",
      "Source": "Repository",
      "Repository": "CRAN",
      "Requirements": [
        "R",
        "grid"
      ],
      "Hash": "36b4265fb818f6a342bed217549cd896"
    },
    "hardhat": {
      "Package": "hardhat",
      "Version": "1.3.0",
      "Source": "Repository",
      "Repository": "CRAN",
      "Requirements": [
        "R",
        "cli",
        "glue",
        "rlang",
        "tibble",
        "vctrs"
      ],
      "Hash": "b56b42c50bb7c76a683e8e61f415d828"
    },
    "highr": {
      "Package": "highr",
      "Version": "0.10",
      "Source": "Repository",
      "Repository": "CRAN",
      "Requirements": [
        "R",
        "xfun"
      ],
      "Hash": "06230136b2d2b9ba5805e1963fa6e890"
    },
    "htmltools": {
      "Package": "htmltools",
      "Version": "0.5.4",
      "Source": "Repository",
      "Repository": "CRAN",
      "Requirements": [
        "R",
        "base64enc",
        "digest",
        "ellipsis",
        "fastmap",
        "grDevices",
        "rlang",
        "utils"
      ],
      "Hash": "9d27e99cc90bd701c0a7a63e5923f9b7"
    },
    "infer": {
      "Package": "infer",
      "Version": "1.0.5",
      "Source": "Repository",
      "Repository": "CRAN",
      "Requirements": [
        "R",
        "broom",
        "dplyr",
        "generics",
        "ggplot2",
        "glue",
        "grDevices",
        "magrittr",
        "methods",
        "patchwork",
        "purrr",
        "rlang",
        "tibble",
        "tidyr",
        "vctrs"
      ],
      "Hash": "d4e1d781a855d40ebb9ae3aa92daa68d"
    },
    "ipred": {
      "Package": "ipred",
      "Version": "0.9-13",
      "Source": "Repository",
      "Repository": "CRAN",
      "Requirements": [
        "MASS",
        "R",
        "class",
        "nnet",
        "prodlim",
        "rpart",
        "survival"
      ],
      "Hash": "83aed0b881998c125aac48cab08141e4"
    },
    "isoband": {
      "Package": "isoband",
      "Version": "0.2.7",
      "Source": "Repository",
      "Repository": "CRAN",
      "Requirements": [
        "grid",
        "utils"
      ],
      "Hash": "0080607b4a1a7b28979aecef976d8bc2"
    },
    "iterators": {
      "Package": "iterators",
      "Version": "1.0.14",
      "Source": "Repository",
      "Repository": "CRAN",
      "Requirements": [
        "R",
        "utils"
      ],
      "Hash": "8954069286b4b2b0d023d1b288dce978"
    },
    "jquerylib": {
      "Package": "jquerylib",
      "Version": "0.1.4",
      "Source": "Repository",
      "Repository": "CRAN",
      "Requirements": [
        "htmltools"
      ],
      "Hash": "5aab57a3bd297eee1c1d862735972182"
    },
    "jsonlite": {
      "Package": "jsonlite",
      "Version": "1.8.4",
      "Source": "Repository",
      "Repository": "CRAN",
      "Requirements": [
        "methods"
      ],
      "Hash": "a4269a09a9b865579b2635c77e572374"
    },
    "knitr": {
      "Package": "knitr",
      "Version": "1.41",
      "Source": "Repository",
      "Repository": "CRAN",
      "Requirements": [
        "R",
        "evaluate",
        "highr",
        "methods",
        "stringr",
        "tools",
        "xfun",
        "yaml"
      ],
      "Hash": "6d4971f3610e75220534a1befe81bc92"
    },
    "labeling": {
      "Package": "labeling",
      "Version": "0.4.2",
      "Source": "Repository",
      "Repository": "CRAN",
      "Requirements": [
        "graphics",
        "stats"
      ],
      "Hash": "3d5108641f47470611a32d0bdf357a72"
    },
    "lattice": {
      "Package": "lattice",
      "Version": "0.20-45",
      "Source": "Repository",
      "Repository": "CRAN",
      "Requirements": [
        "R",
        "grDevices",
        "graphics",
        "grid",
        "stats",
        "utils"
      ],
      "Hash": "b64cdbb2b340437c4ee047a1f4c4377b"
    },
    "lava": {
      "Package": "lava",
      "Version": "1.7.1",
      "Source": "Repository",
      "Repository": "CRAN",
      "Requirements": [
        "R",
        "SQUAREM",
        "future.apply",
        "grDevices",
        "graphics",
        "methods",
        "numDeriv",
        "progressr",
        "stats",
        "survival",
        "utils"
      ],
      "Hash": "c2a096715467f53104d989f54afd0ee1"
    },
    "lhs": {
      "Package": "lhs",
      "Version": "1.1.6",
      "Source": "Repository",
      "Repository": "CRAN",
      "Requirements": [
        "R",
        "Rcpp"
      ],
      "Hash": "a007ff66aa9d478e220bf0493a7b1d95"
    },
    "lifecycle": {
      "Package": "lifecycle",
      "Version": "1.0.3",
      "Source": "Repository",
      "Repository": "CRAN",
      "Requirements": [
        "R",
        "cli",
        "glue",
        "rlang"
      ],
      "Hash": "001cecbeac1cff9301bdc3775ee46a86"
    },
    "lightgbm": {
      "Package": "lightgbm",
      "Version": "3.3.5",
      "Source": "Repository",
      "Repository": "CRAN",
      "Requirements": [
        "Matrix",
        "R",
        "R6",
        "data.table",
        "graphics",
        "jsonlite",
        "methods",
        "utils"
      ],
      "Hash": "e6c3413a4762e6c0cb3a2d32da82a994"
    },
    "listenv": {
      "Package": "listenv",
      "Version": "0.9.0",
      "Source": "Repository",
      "Repository": "CRAN",
      "Requirements": [
        "R"
      ],
      "Hash": "4fbd3679ec8ee169ba28d4b1ea7d0e8f"
    },
    "lubridate": {
      "Package": "lubridate",
      "Version": "1.9.3",
      "Source": "Repository",
      "Repository": "CRAN",
      "Requirements": [
        "R",
        "generics",
        "methods",
        "timechange"
      ],
      "Hash": "680ad542fbcf801442c83a6ac5a2126c"
    },
    "magrittr": {
      "Package": "magrittr",
      "Version": "2.0.3",
      "Source": "Repository",
      "Repository": "CRAN",
      "Requirements": [
        "R"
      ],
      "Hash": "7ce2733a9826b3aeb1775d56fd305472"
    },
    "memoise": {
      "Package": "memoise",
      "Version": "2.0.1",
      "Source": "Repository",
      "Repository": "CRAN",
      "Requirements": [
        "cachem",
        "rlang"
      ],
      "Hash": "e2817ccf4a065c5d9d7f2cfbe7c1d78c"
    },
    "mgcv": {
      "Package": "mgcv",
      "Version": "1.9-1",
      "Source": "Repository",
      "Repository": "CRAN",
      "Requirements": [
        "Matrix",
        "R",
        "graphics",
        "methods",
        "nlme",
        "splines",
        "stats",
        "utils"
      ],
      "Hash": "110ee9d83b496279960e162ac97764ce"
    },
    "mime": {
      "Package": "mime",
      "Version": "0.12",
      "Source": "Repository",
      "Repository": "CRAN",
      "Requirements": [
        "tools"
      ],
      "Hash": "18e9c28c1d3ca1560ce30658b22ce104"
    },
    "modeldata": {
      "Package": "modeldata",
      "Version": "1.2.0",
      "Source": "Repository",
      "Repository": "CRAN",
      "Requirements": [
        "MASS",
        "R",
        "dplyr",
        "purrr",
        "rlang",
        "tibble"
      ],
      "Hash": "0b63eecd920994f133739d2e6a17e75e"
    },
    "modelenv": {
      "Package": "modelenv",
      "Version": "0.1.1",
      "Source": "Repository",
      "Repository": "CRAN",
      "Requirements": [
        "glue",
        "rlang",
        "tibble",
        "vctrs"
      ],
      "Hash": "fc2e59a68030885555c7be34ee7765a1"
    },
    "munsell": {
      "Package": "munsell",
      "Version": "0.5.0",
      "Source": "Repository",
      "Repository": "CRAN",
      "Requirements": [
        "colorspace",
        "methods"
      ],
      "Hash": "6dfe8bf774944bd5595785e3229d8771"
    },
    "nlme": {
      "Package": "nlme",
      "Version": "3.1-160",
      "Source": "Repository",
      "Repository": "CRAN",
      "Requirements": [
        "R",
        "graphics",
        "lattice",
        "stats",
        "utils"
      ],
      "Hash": "02e3c6e7df163aafa8477225e6827bc5"
    },
    "nnet": {
      "Package": "nnet",
      "Version": "7.3-18",
      "Source": "Repository",
      "Repository": "CRAN",
      "Requirements": [
        "R",
        "stats",
        "utils"
      ],
      "Hash": "170da2130d5332bea7d6ede01875ba1d"
    },
    "numDeriv": {
      "Package": "numDeriv",
      "Version": "2016.8-1.1",
      "Source": "Repository",
      "Repository": "CRAN",
      "Requirements": [
        "R"
      ],
      "Hash": "df58958f293b166e4ab885ebcad90e02"
    },
    "pROC": {
      "Package": "pROC",
      "Version": "1.18.4",
      "Source": "Repository",
      "Repository": "CRAN",
      "Requirements": [
        "R",
        "Rcpp",
        "methods",
        "plyr"
      ],
      "Hash": "4b0115a395ea29f88b1c128dc483ced2"
    },
    "parallelly": {
      "Package": "parallelly",
      "Version": "1.34.0",
      "Source": "Repository",
      "Repository": "CRAN",
      "Requirements": [
        "parallel",
        "tools",
        "utils"
      ],
      "Hash": "2a795ec0ddbfe465ca0d6471039631bf"
    },
    "parsnip": {
      "Package": "parsnip",
      "Version": "1.1.1",
      "Source": "Repository",
      "Repository": "CRAN",
      "Requirements": [
        "R",
        "cli",
        "dplyr",
        "generics",
        "ggplot2",
        "globals",
        "glue",
        "hardhat",
        "lifecycle",
        "magrittr",
        "pillar",
        "prettyunits",
        "purrr",
        "rlang",
        "stats",
        "tibble",
        "tidyr",
        "utils",
        "vctrs",
        "withr"
      ],
      "Hash": "cbb49c720a5e4bf1fe36a870b07d1a0c"
    },
    "patchwork": {
      "Package": "patchwork",
      "Version": "1.1.3",
      "Source": "Repository",
      "Repository": "CRAN",
      "Requirements": [
        "cli",
        "ggplot2",
        "grDevices",
        "graphics",
        "grid",
        "gtable",
        "rlang",
        "stats",
        "utils"
      ],
      "Hash": "c5754106c02e8e019941100c81149431"
    },
    "pillar": {
      "Package": "pillar",
      "Version": "1.9.0",
      "Source": "Repository",
      "Repository": "CRAN",
      "Requirements": [
        "cli",
        "fansi",
        "glue",
        "lifecycle",
        "rlang",
        "utf8",
        "utils",
        "vctrs"
      ],
      "Hash": "15da5a8412f317beeee6175fbc76f4bb"
    },
    "pkgconfig": {
      "Package": "pkgconfig",
      "Version": "2.0.3",
      "Source": "Repository",
      "Repository": "CRAN",
      "Requirements": [
        "utils"
      ],
      "Hash": "01f28d4278f15c76cddbea05899c5d6f"
    },
    "plyr": {
      "Package": "plyr",
      "Version": "1.8.8",
      "Source": "Repository",
      "Repository": "CRAN",
      "Requirements": [
        "R",
        "Rcpp"
      ],
      "Hash": "d744387aef9047b0b48be2933d78e862"
    },
    "prettyunits": {
      "Package": "prettyunits",
      "Version": "1.2.0",
      "Source": "Repository",
      "Repository": "CRAN",
      "Requirements": [
        "R"
      ],
      "Hash": "6b01fc98b1e86c4f705ce9dcfd2f57c7"
    },
    "prodlim": {
      "Package": "prodlim",
      "Version": "2019.11.13",
      "Source": "Repository",
      "Repository": "CRAN",
      "Requirements": [
        "KernSmooth",
        "R",
        "Rcpp",
        "grDevices",
        "graphics",
        "lava",
        "stats",
        "survival"
      ],
      "Hash": "c243bf70db3a6631a0c8783152fb7db9"
    },
    "progressr": {
      "Package": "progressr",
      "Version": "0.13.0",
      "Source": "Repository",
      "Repository": "CRAN",
      "Requirements": [
        "R",
        "digest",
        "utils"
      ],
      "Hash": "376a8ebcc878f9c1395e212548fc297a"
    },
    "proxy": {
      "Package": "proxy",
      "Version": "0.4-27",
      "Source": "Repository",
      "Repository": "CRAN",
      "Requirements": [
        "R",
        "stats",
        "utils"
      ],
      "Hash": "e0ef355c12942cf7a6b91a6cfaea8b3e"
    },
    "purrr": {
      "Package": "purrr",
      "Version": "1.0.2",
      "Source": "Repository",
      "Repository": "CRAN",
      "Requirements": [
        "R",
        "cli",
        "lifecycle",
        "magrittr",
        "rlang",
        "vctrs"
      ],
      "Hash": "1cba04a4e9414bdefc9dcaa99649a8dc"
    },
    "randomForest": {
      "Package": "randomForest",
      "Version": "4.7-1.1",
      "Source": "Repository",
      "Repository": "CRAN",
      "Requirements": [
        "R",
        "stats"
      ],
      "Hash": "b52825075358b1ebd159e262bf40649d"
    },
    "rappdirs": {
      "Package": "rappdirs",
      "Version": "0.3.3",
      "Source": "Repository",
      "Repository": "CRAN",
      "Requirements": [
        "R"
      ],
      "Hash": "5e3c5dc0b071b21fa128676560dbe94d"
    },
    "recipes": {
      "Package": "recipes",
      "Version": "1.0.8",
      "Source": "Repository",
      "Repository": "CRAN",
      "Requirements": [
        "Matrix",
        "R",
        "cli",
        "clock",
        "dplyr",
        "ellipsis",
        "generics",
        "glue",
        "gower",
        "hardhat",
        "ipred",
        "lifecycle",
        "lubridate",
        "magrittr",
        "purrr",
        "rlang",
        "stats",
        "tibble",
        "tidyr",
        "tidyselect",
        "timeDate",
        "utils",
        "vctrs",
        "withr"
      ],
      "Hash": "d146b858006ebd52e1fe215ee774e3d5"
    },
    "renv": {
      "Package": "renv",
      "Version": "1.0.7",
      "Source": "Repository",
      "Repository": "CRAN",
      "Requirements": [
        "utils"
      ],
      "Hash": "397b7b2a265bc5a7a06852524dabae20"
    },
    "reshape2": {
      "Package": "reshape2",
      "Version": "1.4.4",
      "Source": "Repository",
      "Repository": "CRAN",
      "Requirements": [
        "R",
        "Rcpp",
        "plyr",
        "stringr"
      ],
      "Hash": "bb5996d0bd962d214a11140d77589917"
    },
    "rlang": {
      "Package": "rlang",
      "Version": "1.1.1",
      "Source": "Repository",
      "Repository": "CRAN",
      "Requirements": [
        "R",
        "utils"
      ],
      "Hash": "a85c767b55f0bf9b7ad16c6d7baee5bb"
    },
    "rmarkdown": {
      "Package": "rmarkdown",
      "Version": "2.19",
      "Source": "Repository",
      "Repository": "CRAN",
      "Requirements": [
        "R",
        "bslib",
        "evaluate",
        "htmltools",
        "jquerylib",
        "jsonlite",
        "knitr",
        "methods",
        "stringr",
        "tinytex",
        "tools",
        "utils",
        "xfun",
        "yaml"
      ],
      "Hash": "4e29299e1f4c7eabb0b8365b338adf3c"
    },
    "rpart": {
      "Package": "rpart",
      "Version": "4.1.19",
      "Source": "Repository",
      "Repository": "CRAN",
      "Requirements": [
        "R",
        "grDevices",
        "graphics",
        "stats"
      ],
      "Hash": "b3c892a81783376cc2204af0f5805a80"
    },
    "rsample": {
      "Package": "rsample",
      "Version": "1.2.0",
      "Source": "Repository",
      "Repository": "CRAN",
      "Requirements": [
        "R",
        "cli",
        "dplyr",
        "furrr",
        "generics",
        "glue",
        "lifecycle",
        "methods",
        "pillar",
        "purrr",
        "rlang",
        "slider",
        "tibble",
        "tidyr",
        "tidyselect",
        "vctrs"
      ],
      "Hash": "b20bb09ceef690842b44585ef49db74e"
    },
    "rstudioapi": {
      "Package": "rstudioapi",
      "Version": "0.15.0",
      "Source": "Repository",
      "Repository": "CRAN",
      "Hash": "5564500e25cffad9e22244ced1379887"
    },
    "sass": {
      "Package": "sass",
      "Version": "0.4.4",
      "Source": "Repository",
      "Repository": "CRAN",
      "Requirements": [
        "R6",
        "fs",
        "htmltools",
        "rappdirs",
        "rlang"
      ],
      "Hash": "c76cbac7ca04ce82d8c38e29729987a3"
    },
    "scales": {
      "Package": "scales",
      "Version": "1.2.1",
      "Source": "Repository",
      "Repository": "CRAN",
      "Requirements": [
        "R",
        "R6",
        "RColorBrewer",
        "farver",
        "labeling",
        "lifecycle",
        "munsell",
        "rlang",
        "viridisLite"
      ],
      "Hash": "906cb23d2f1c5680b8ce439b44c6fa63"
    },
    "slider": {
      "Package": "slider",
      "Version": "0.3.0",
      "Source": "Repository",
      "Repository": "CRAN",
      "Requirements": [
        "R",
        "cli",
        "rlang",
        "vctrs",
        "warp"
      ],
      "Hash": "c1c73df260af9e1e3692eb3b8e1ecb88"
    },
    "stringi": {
      "Package": "stringi",
      "Version": "1.7.12",
      "Source": "Repository",
      "Repository": "CRAN",
      "Requirements": [
        "R",
        "stats",
        "tools",
        "utils"
      ],
      "Hash": "ca8bd84263c77310739d2cf64d84d7c9"
    },
    "stringr": {
      "Package": "stringr",
      "Version": "1.5.0",
      "Source": "Repository",
      "Repository": "CRAN",
      "Requirements": [
        "R",
        "cli",
        "glue",
        "lifecycle",
        "magrittr",
        "rlang",
        "stringi",
        "vctrs"
      ],
      "Hash": "671a4d384ae9d32fc47a14e98bfa3dc8"
    },
    "survival": {
      "Package": "survival",
      "Version": "3.4-0",
      "Source": "Repository",
      "Repository": "CRAN",
      "Requirements": [
        "Matrix",
        "R",
        "graphics",
        "methods",
        "splines",
        "stats",
        "utils"
      ],
      "Hash": "04411ae66ab4659230c067c32966fc20"
    },
    "themis": {
      "Package": "themis",
      "Version": "1.0.2",
      "Source": "Repository",
      "Repository": "CRAN",
      "Requirements": [
        "R",
        "RANN",
        "ROSE",
        "dplyr",
        "generics",
        "glue",
        "gower",
        "hardhat",
        "lifecycle",
        "purrr",
        "recipes",
        "rlang",
        "tibble",
        "vctrs",
        "withr"
      ],
      "Hash": "6e883e67bbc765e2dcdb9988f91f57ff"
    },
    "tibble": {
      "Package": "tibble",
      "Version": "3.2.1",
      "Source": "Repository",
      "Repository": "CRAN",
      "Requirements": [
        "R",
        "fansi",
        "lifecycle",
        "magrittr",
        "methods",
        "pillar",
        "pkgconfig",
        "rlang",
        "utils",
        "vctrs"
      ],
      "Hash": "a84e2cc86d07289b3b6f5069df7a004c"
    },
    "tidymodels": {
      "Package": "tidymodels",
      "Version": "1.1.1",
      "Source": "Repository",
      "Repository": "CRAN",
      "Requirements": [
        "R",
        "broom",
        "cli",
        "conflicted",
        "dials",
        "dplyr",
        "ggplot2",
        "hardhat",
        "infer",
        "modeldata",
        "parsnip",
        "purrr",
        "recipes",
        "rlang",
        "rsample",
        "rstudioapi",
        "tibble",
        "tidyr",
        "tune",
        "workflows",
        "workflowsets",
        "yardstick"
      ],
      "Hash": "d48f93a7b5a68070a7a7796e68d281b1"
    },
    "tidyr": {
      "Package": "tidyr",
      "Version": "1.3.0",
      "Source": "Repository",
      "Repository": "CRAN",
      "Requirements": [
        "R",
        "cli",
        "cpp11",
        "dplyr",
        "glue",
        "lifecycle",
        "magrittr",
        "purrr",
        "rlang",
        "stringr",
        "tibble",
        "tidyselect",
        "utils",
        "vctrs"
      ],
      "Hash": "e47debdc7ce599b070c8e78e8ac0cfcf"
    },
    "tidyselect": {
      "Package": "tidyselect",
      "Version": "1.2.0",
      "Source": "Repository",
      "Repository": "CRAN",
      "Requirements": [
        "R",
        "cli",
        "glue",
        "lifecycle",
        "rlang",
        "vctrs",
        "withr"
      ],
      "Hash": "79540e5fcd9e0435af547d885f184fd5"
    },
    "timeDate": {
      "Package": "timeDate",
      "Version": "4022.108",
      "Source": "Repository",
      "Repository": "CRAN",
      "Requirements": [
        "R",
        "graphics",
        "methods",
        "stats",
        "utils"
      ],
      "Hash": "3f7918d2b36c17ffe07cddba6458453e"
    },
    "timechange": {
      "Package": "timechange",
      "Version": "0.2.0",
      "Source": "Repository",
      "Repository": "CRAN",
      "Requirements": [
        "R",
        "cpp11"
      ],
      "Hash": "8548b44f79a35ba1791308b61e6012d7"
    },
    "tinytex": {
      "Package": "tinytex",
      "Version": "0.43",
      "Source": "Repository",
      "Repository": "CRAN",
      "Requirements": [
        "xfun"
      ],
      "Hash": "facc02f3d63ed7dd765513c004c394ce"
    },
    "tune": {
      "Package": "tune",
      "Version": "1.1.2",
      "Source": "Repository",
      "Repository": "CRAN",
      "Requirements": [
        "GPfit",
        "R",
        "cli",
        "dials",
        "dplyr",
        "foreach",
        "generics",
        "ggplot2",
        "glue",
        "hardhat",
        "lifecycle",
        "parsnip",
        "purrr",
        "recipes",
        "rlang",
        "rsample",
        "tibble",
        "tidyr",
        "tidyselect",
        "vctrs",
        "withr",
        "workflows",
        "yardstick"
      ],
      "Hash": "d684ce908eb093910df3493510eebbc7"
    },
    "tzdb": {
      "Package": "tzdb",
      "Version": "0.3.0",
      "Source": "Repository",
      "Repository": "CRAN",
      "Requirements": [
        "R",
        "cpp11"
      ],
      "Hash": "b2e1cbce7c903eaf23ec05c58e59fb5e"
    },
    "utf8": {
      "Package": "utf8",
      "Version": "1.2.2",
      "Source": "Repository",
      "Repository": "CRAN",
      "Requirements": [
        "R"
      ],
      "Hash": "c9c462b759a5cc844ae25b5942654d13"
    },
    "vctrs": {
      "Package": "vctrs",
      "Version": "0.6.3",
      "Source": "Repository",
      "Repository": "CRAN",
      "Requirements": [
        "R",
        "cli",
        "glue",
        "lifecycle",
        "rlang"
      ],
      "Hash": "d0ef2856b83dc33ea6e255caf6229ee2"
    },
    "vip": {
      "Package": "vip",
      "Version": "0.4.1",
      "Source": "Repository",
      "Repository": "CRAN",
      "Requirements": [
        "R",
        "foreach",
        "ggplot2",
        "stats",
        "tibble",
        "utils",
        "yardstick"
      ],
      "Hash": "4bfee1f7181f71d552a4b63485f8fc25"
    },
    "viridisLite": {
      "Package": "viridisLite",
      "Version": "0.4.1",
      "Source": "Repository",
      "Repository": "CRAN",
      "Requirements": [
        "R"
      ],
      "Hash": "62f4b5da3e08d8e5bcba6cac15603f70"
    },
    "warp": {
      "Package": "warp",
      "Version": "0.2.0",
      "Source": "Repository",
      "Repository": "CRAN",
      "Requirements": [
        "R"
      ],
      "Hash": "2982481615756e24e79fee95bdc95daa"
    },
    "withr": {
      "Package": "withr",
      "Version": "2.5.0",
      "Source": "Repository",
      "Repository": "CRAN",
      "Requirements": [
        "R",
        "grDevices",
        "graphics",
        "stats"
      ],
      "Hash": "c0e49a9760983e81e55cdd9be92e7182"
    },
    "workflows": {
      "Package": "workflows",
      "Version": "1.1.3",
      "Source": "Repository",
      "Repository": "CRAN",
      "Requirements": [
        "R",
        "cli",
        "generics",
        "glue",
        "hardhat",
        "lifecycle",
        "modelenv",
        "parsnip",
        "rlang",
        "tidyselect",
        "vctrs"
      ],
      "Hash": "553cd1d3d88da41e40f70b04f657a164"
    },
    "workflowsets": {
      "Package": "workflowsets",
      "Version": "1.0.1",
      "Source": "Repository",
      "Repository": "CRAN",
      "Requirements": [
        "R",
        "cli",
        "dplyr",
        "generics",
        "ggplot2",
        "glue",
        "hardhat",
        "lifecycle",
        "parsnip",
        "pillar",
        "prettyunits",
        "purrr",
        "rlang",
        "rsample",
        "stats",
        "tibble",
        "tidyr",
        "tune",
        "vctrs",
        "withr",
        "workflows"
      ],
      "Hash": "7393bad2a9c83d549e79bd641f6bf67a"
    },
    "xfun": {
      "Package": "xfun",
      "Version": "0.36",
      "Source": "Repository",
      "Repository": "CRAN",
      "Requirements": [
        "stats",
        "tools"
      ],
      "Hash": "f5baec54606751aa53ac9c0e05848ed6"
    },
    "yaml": {
      "Package": "yaml",
      "Version": "2.3.6",
      "Source": "Repository",
      "Repository": "CRAN",
      "Hash": "9b570515751dcbae610f29885e025b41"
    },
    "yardstick": {
      "Package": "yardstick",
      "Version": "1.2.0",
      "Source": "Repository",
      "Repository": "CRAN",
      "Requirements": [
        "R",
        "cli",
        "dplyr",
        "generics",
        "hardhat",
        "lifecycle",
        "rlang",
        "tibble",
        "tidyselect",
        "utils",
        "vctrs"
      ],
      "Hash": "935418860629e50d2a2c495ea0a05221"
    }
  }
}
